// !$*UTF8*$!
{
	archiveVersion = 1;
	classes = {
	};
	objectVersion = 46;
	objects = {

/* Begin PBXBuildFile section */
		6FE4907C1B68AB9600B6E52C /* main.cpp in Sources */ = {isa = PBXBuildFile; fileRef = 6FE4907B1B68AB9600B6E52C /* main.cpp */; };
		6FE4909C1B68ABF600B6E52C /* Block.cpp in Sources */ = {isa = PBXBuildFile; fileRef = 6FE490831B68ABF600B6E52C /* Block.cpp */; };
		6FE4909D1B68ABF600B6E52C /* Data.cpp in Sources */ = {isa = PBXBuildFile; fileRef = 6FE490851B68ABF600B6E52C /* Data.cpp */; };
		6FE4909E1B68ABF600B6E52C /* DirectoryData.cpp in Sources */ = {isa = PBXBuildFile; fileRef = 6FE490871B68ABF600B6E52C /* DirectoryData.cpp */; };
		6FE4909F1B68ABF600B6E52C /* IOManager.cpp in Sources */ = {isa = PBXBuildFile; fileRef = 6FE490891B68ABF600B6E52C /* IOManager.cpp */; };
		6FE490A01B68ABF600B6E52C /* KeyValueChainingData.cpp in Sources */ = {isa = PBXBuildFile; fileRef = 6FE4908B1B68ABF600B6E52C /* KeyValueChainingData.cpp */; };
		6FE490A11B68ABF600B6E52C /* KeyValueData.cpp in Sources */ = {isa = PBXBuildFile; fileRef = 6FE4908D1B68ABF600B6E52C /* KeyValueData.cpp */; };
		6FE490A21B68ABF600B6E52C /* KVDBServer.cpp in Sources */ = {isa = PBXBuildFile; fileRef = 6FE4908F1B68ABF600B6E52C /* KVDBServer.cpp */; };
		6FE490A31B68ABF600B6E52C /* Log.cpp in Sources */ = {isa = PBXBuildFile; fileRef = 6FE490911B68ABF600B6E52C /* Log.cpp */; };
		6FE490A41B68ABF600B6E52C /* Network.cpp in Sources */ = {isa = PBXBuildFile; fileRef = 6FE490931B68ABF600B6E52C /* Network.cpp */; };
		6FE490A51B68ABF600B6E52C /* RequestHandler.cpp in Sources */ = {isa = PBXBuildFile; fileRef = 6FE490951B68ABF600B6E52C /* RequestHandler.cpp */; };
		6FE490A61B68ABF600B6E52C /* ResponseHandler.cpp in Sources */ = {isa = PBXBuildFile; fileRef = 6FE490981B68ABF600B6E52C /* ResponseHandler.cpp */; };
		6FE490A71B68ABF600B6E52C /* WorkerThread.cpp in Sources */ = {isa = PBXBuildFile; fileRef = 6FE4909A1B68ABF600B6E52C /* WorkerThread.cpp */; };
		6FE490C31B69146B00B6E52C /* DiskManager.cpp in Sources */ = {isa = PBXBuildFile; fileRef = 6FE490C11B69146B00B6E52C /* DiskManager.cpp */; };
		6FE490C61B69170500B6E52C /* SuperBlock.cpp in Sources */ = {isa = PBXBuildFile; fileRef = 6FE490C41B69170500B6E52C /* SuperBlock.cpp */; };
		6FE490CC1B6BD89100B6E52C /* Disk.cpp in Sources */ = {isa = PBXBuildFile; fileRef = 6FE490CA1B6BD89100B6E52C /* Disk.cpp */; };
/* End PBXBuildFile section */

/* Begin PBXCopyFilesBuildPhase section */
		6FE490761B68AB9600B6E52C /* CopyFiles */ = {
			isa = PBXCopyFilesBuildPhase;
			buildActionMask = 2147483647;
			dstPath = /usr/share/man/man1/;
			dstSubfolderSpec = 0;
			files = (
			);
			runOnlyForDeploymentPostprocessing = 1;
		};
/* End PBXCopyFilesBuildPhase section */

/* Begin PBXFileReference section */
		6FE490781B68AB9600B6E52C /* KVDBServer */ = {isa = PBXFileReference; explicitFileType = "compiled.mach-o.executable"; includeInIndex = 0; path = KVDBServer; sourceTree = BUILT_PRODUCTS_DIR; };
		6FE4907B1B68AB9600B6E52C /* main.cpp */ = {isa = PBXFileReference; lastKnownFileType = sourcecode.cpp.cpp; path = main.cpp; sourceTree = "<group>"; };
		6FE490821B68ABF600B6E52C /* BasicDefines.h */ = {isa = PBXFileReference; fileEncoding = 4; lastKnownFileType = sourcecode.c.h; path = BasicDefines.h; sourceTree = "<group>"; };
		6FE490831B68ABF600B6E52C /* Block.cpp */ = {isa = PBXFileReference; fileEncoding = 4; lastKnownFileType = sourcecode.cpp.cpp; path = Block.cpp; sourceTree = "<group>"; };
		6FE490841B68ABF600B6E52C /* Block.h */ = {isa = PBXFileReference; fileEncoding = 4; lastKnownFileType = sourcecode.c.h; path = Block.h; sourceTree = "<group>"; };
		6FE490851B68ABF600B6E52C /* Data.cpp */ = {isa = PBXFileReference; fileEncoding = 4; lastKnownFileType = sourcecode.cpp.cpp; path = Data.cpp; sourceTree = "<group>"; };
		6FE490861B68ABF600B6E52C /* Data.h */ = {isa = PBXFileReference; fileEncoding = 4; lastKnownFileType = sourcecode.c.h; path = Data.h; sourceTree = "<group>"; };
		6FE490871B68ABF600B6E52C /* DirectoryData.cpp */ = {isa = PBXFileReference; fileEncoding = 4; lastKnownFileType = sourcecode.cpp.cpp; path = DirectoryData.cpp; sourceTree = "<group>"; };
		6FE490881B68ABF600B6E52C /* DirectoryData.h */ = {isa = PBXFileReference; fileEncoding = 4; lastKnownFileType = sourcecode.c.h; path = DirectoryData.h; sourceTree = "<group>"; };
		6FE490891B68ABF600B6E52C /* IOManager.cpp */ = {isa = PBXFileReference; fileEncoding = 4; lastKnownFileType = sourcecode.cpp.cpp; path = IOManager.cpp; sourceTree = "<group>"; };
		6FE4908A1B68ABF600B6E52C /* IOManager.h */ = {isa = PBXFileReference; fileEncoding = 4; lastKnownFileType = sourcecode.c.h; path = IOManager.h; sourceTree = "<group>"; };
		6FE4908B1B68ABF600B6E52C /* KeyValueChainingData.cpp */ = {isa = PBXFileReference; fileEncoding = 4; lastKnownFileType = sourcecode.cpp.cpp; path = KeyValueChainingData.cpp; sourceTree = "<group>"; };
		6FE4908C1B68ABF600B6E52C /* KeyValueChainingData.h */ = {isa = PBXFileReference; fileEncoding = 4; lastKnownFileType = sourcecode.c.h; path = KeyValueChainingData.h; sourceTree = "<group>"; };
		6FE4908D1B68ABF600B6E52C /* KeyValueData.cpp */ = {isa = PBXFileReference; fileEncoding = 4; lastKnownFileType = sourcecode.cpp.cpp; path = KeyValueData.cpp; sourceTree = "<group>"; };
		6FE4908E1B68ABF600B6E52C /* KeyValueData.h */ = {isa = PBXFileReference; fileEncoding = 4; lastKnownFileType = sourcecode.c.h; path = KeyValueData.h; sourceTree = "<group>"; };
		6FE4908F1B68ABF600B6E52C /* KVDBServer.cpp */ = {isa = PBXFileReference; fileEncoding = 4; lastKnownFileType = sourcecode.cpp.cpp; path = KVDBServer.cpp; sourceTree = "<group>"; };
		6FE490901B68ABF600B6E52C /* KVDBServer.h */ = {isa = PBXFileReference; fileEncoding = 4; lastKnownFileType = sourcecode.c.h; path = KVDBServer.h; sourceTree = "<group>"; };
		6FE490911B68ABF600B6E52C /* Log.cpp */ = {isa = PBXFileReference; fileEncoding = 4; lastKnownFileType = sourcecode.cpp.cpp; path = Log.cpp; sourceTree = "<group>"; };
		6FE490921B68ABF600B6E52C /* Log.h */ = {isa = PBXFileReference; fileEncoding = 4; lastKnownFileType = sourcecode.c.h; path = Log.h; sourceTree = "<group>"; };
		6FE490931B68ABF600B6E52C /* Network.cpp */ = {isa = PBXFileReference; fileEncoding = 4; lastKnownFileType = sourcecode.cpp.cpp; path = Network.cpp; sourceTree = "<group>"; };
		6FE490941B68ABF600B6E52C /* Network.h */ = {isa = PBXFileReference; fileEncoding = 4; lastKnownFileType = sourcecode.c.h; path = Network.h; sourceTree = "<group>"; };
		6FE490951B68ABF600B6E52C /* RequestHandler.cpp */ = {isa = PBXFileReference; fileEncoding = 4; lastKnownFileType = sourcecode.cpp.cpp; path = RequestHandler.cpp; sourceTree = "<group>"; };
		6FE490961B68ABF600B6E52C /* RequestHandler.h */ = {isa = PBXFileReference; fileEncoding = 4; lastKnownFileType = sourcecode.c.h; path = RequestHandler.h; sourceTree = "<group>"; };
		6FE490971B68ABF600B6E52C /* RequestInfo.h */ = {isa = PBXFileReference; fileEncoding = 4; lastKnownFileType = sourcecode.c.h; path = RequestInfo.h; sourceTree = "<group>"; };
		6FE490981B68ABF600B6E52C /* ResponseHandler.cpp */ = {isa = PBXFileReference; fileEncoding = 4; lastKnownFileType = sourcecode.cpp.cpp; path = ResponseHandler.cpp; sourceTree = "<group>"; };
		6FE490991B68ABF600B6E52C /* ResponseHandler.h */ = {isa = PBXFileReference; fileEncoding = 4; lastKnownFileType = sourcecode.c.h; path = ResponseHandler.h; sourceTree = "<group>"; };
		6FE4909A1B68ABF600B6E52C /* WorkerThread.cpp */ = {isa = PBXFileReference; fileEncoding = 4; lastKnownFileType = sourcecode.cpp.cpp; path = WorkerThread.cpp; sourceTree = "<group>"; };
		6FE4909B1B68ABF600B6E52C /* WorkerThread.h */ = {isa = PBXFileReference; fileEncoding = 4; lastKnownFileType = sourcecode.c.h; path = WorkerThread.h; sourceTree = "<group>"; };
		6FE490C11B69146B00B6E52C /* DiskManager.cpp */ = {isa = PBXFileReference; fileEncoding = 4; lastKnownFileType = sourcecode.cpp.cpp; path = DiskManager.cpp; sourceTree = "<group>"; };
		6FE490C21B69146B00B6E52C /* DiskManager.h */ = {isa = PBXFileReference; fileEncoding = 4; lastKnownFileType = sourcecode.c.h; path = DiskManager.h; sourceTree = "<group>"; };
		6FE490C41B69170500B6E52C /* SuperBlock.cpp */ = {isa = PBXFileReference; fileEncoding = 4; lastKnownFileType = sourcecode.cpp.cpp; path = SuperBlock.cpp; sourceTree = "<group>"; };
		6FE490C51B69170500B6E52C /* SuperBlock.h */ = {isa = PBXFileReference; fileEncoding = 4; lastKnownFileType = sourcecode.c.h; path = SuperBlock.h; sourceTree = "<group>"; };
		6FE490C81B69F75800B6E52C /* Defines.h */ = {isa = PBXFileReference; fileEncoding = 4; lastKnownFileType = sourcecode.c.h; path = Defines.h; sourceTree = "<group>"; };
		6FE490CA1B6BD89100B6E52C /* Disk.cpp */ = {isa = PBXFileReference; fileEncoding = 4; lastKnownFileType = sourcecode.cpp.cpp; path = Disk.cpp; sourceTree = "<group>"; };
		6FE490CB1B6BD89100B6E52C /* Disk.h */ = {isa = PBXFileReference; fileEncoding = 4; lastKnownFileType = sourcecode.c.h; path = Disk.h; sourceTree = "<group>"; };
/* End PBXFileReference section */

/* Begin PBXFrameworksBuildPhase section */
		6FE490751B68AB9600B6E52C /* Frameworks */ = {
			isa = PBXFrameworksBuildPhase;
			buildActionMask = 2147483647;
			files = (
			);
			runOnlyForDeploymentPostprocessing = 0;
		};
/* End PBXFrameworksBuildPhase section */

/* Begin PBXGroup section */
		39D55BFF1B69140200713BB7 /* Block */ = {
			isa = PBXGroup;
			children = (
				6FE490831B68ABF600B6E52C /* Block.cpp */,
				6FE490841B68ABF600B6E52C /* Block.h */,
			);
			name = Block;
			sourceTree = "<group>";
		};
		39D55C001B69140A00713BB7 /* Data */ = {
			isa = PBXGroup;
			children = (
				6FE490851B68ABF600B6E52C /* Data.cpp */,
				6FE490861B68ABF600B6E52C /* Data.h */,
				6FE490871B68ABF600B6E52C /* DirectoryData.cpp */,
				6FE490881B68ABF600B6E52C /* DirectoryData.h */,
				6FE4908B1B68ABF600B6E52C /* KeyValueChainingData.cpp */,
				6FE4908C1B68ABF600B6E52C /* KeyValueChainingData.h */,
				6FE4908D1B68ABF600B6E52C /* KeyValueData.cpp */,
				6FE4908E1B68ABF600B6E52C /* KeyValueData.h */,
			);
			name = Data;
			sourceTree = "<group>";
		};
		6FE4906F1B68AB9600B6E52C = {
			isa = PBXGroup;
			children = (
				6FE4907A1B68AB9600B6E52C /* KVDBServer */,
				6FE490791B68AB9600B6E52C /* Products */,
			);
			sourceTree = "<group>";
		};
		6FE490791B68AB9600B6E52C /* Products */ = {
			isa = PBXGroup;
			children = (
				6FE490781B68AB9600B6E52C /* KVDBServer */,
			);
			name = Products;
			sourceTree = "<group>";
		};
		6FE4907A1B68AB9600B6E52C /* KVDBServer */ = {
			isa = PBXGroup;
			children = (
				6FE490AC1B68AC3900B6E52C /* IoManager */,
				6FE490AB1B68AC2100B6E52C /* Disk */,
				6FE490AA1B68AC1700B6E52C /* Cache */,
				6FE490A91B68AC0A00B6E52C /* CommonData */,
				6FE490A81B68AC0300B6E52C /* Network */,
				6FE4907B1B68AB9600B6E52C /* main.cpp */,
			);
			path = KVDBServer;
			sourceTree = "<group>";
		};
		6FE490A81B68AC0300B6E52C /* Network */ = {
			isa = PBXGroup;
			children = (
				6FE490821B68ABF600B6E52C /* BasicDefines.h */,
				6FE4908F1B68ABF600B6E52C /* KVDBServer.cpp */,
				6FE490901B68ABF600B6E52C /* KVDBServer.h */,
				6FE490911B68ABF600B6E52C /* Log.cpp */,
				6FE490921B68ABF600B6E52C /* Log.h */,
				6FE490931B68ABF600B6E52C /* Network.cpp */,
				6FE490941B68ABF600B6E52C /* Network.h */,
				6FE490951B68ABF600B6E52C /* RequestHandler.cpp */,
				6FE490961B68ABF600B6E52C /* RequestHandler.h */,
				6FE490981B68ABF600B6E52C /* ResponseHandler.cpp */,
				6FE490991B68ABF600B6E52C /* ResponseHandler.h */,
				6FE4909A1B68ABF600B6E52C /* WorkerThread.cpp */,
				6FE4909B1B68ABF600B6E52C /* WorkerThread.h */,
			);
			name = Network;
			sourceTree = "<group>";
		};
		6FE490A91B68AC0A00B6E52C /* CommonData */ = {
			isa = PBXGroup;
			children = (
				39D55C001B69140A00713BB7 /* Data */,
				39D55BFF1B69140200713BB7 /* Block */,
				6FE490971B68ABF600B6E52C /* RequestInfo.h */,
				6FE490C41B69170500B6E52C /* SuperBlock.cpp */,
				6FE490C51B69170500B6E52C /* SuperBlock.h */,
				6FE490C81B69F75800B6E52C /* Defines.h */,
			);
			name = CommonData;
			sourceTree = "<group>";
		};
		6FE490AA1B68AC1700B6E52C /* Cache */ = {
			isa = PBXGroup;
			children = (
			);
			name = Cache;
			sourceTree = "<group>";
		};
		6FE490AB1B68AC2100B6E52C /* Disk */ = {
			isa = PBXGroup;
			children = (
				6FE490C11B69146B00B6E52C /* DiskManager.cpp */,
				6FE490C21B69146B00B6E52C /* DiskManager.h */,
				6FE490CA1B6BD89100B6E52C /* Disk.cpp */,
				6FE490CB1B6BD89100B6E52C /* Disk.h */,
			);
			name = Disk;
			sourceTree = "<group>";
		};
		6FE490AC1B68AC3900B6E52C /* IoManager */ = {
			isa = PBXGroup;
			children = (
				6FE490891B68ABF600B6E52C /* IOManager.cpp */,
				6FE4908A1B68ABF600B6E52C /* IOManager.h */,
			);
			name = IoManager;
			sourceTree = "<group>";
		};
/* End PBXGroup section */

/* Begin PBXNativeTarget section */
		6FE490771B68AB9600B6E52C /* KVDBServer */ = {
			isa = PBXNativeTarget;
			buildConfigurationList = 6FE4907F1B68AB9600B6E52C /* Build configuration list for PBXNativeTarget "KVDBServer" */;
			buildPhases = (
				6FE490741B68AB9600B6E52C /* Sources */,
				6FE490751B68AB9600B6E52C /* Frameworks */,
				6FE490761B68AB9600B6E52C /* CopyFiles */,
			);
			buildRules = (
			);
			dependencies = (
			);
			name = KVDBServer;
			productName = KVDBServer;
			productReference = 6FE490781B68AB9600B6E52C /* KVDBServer */;
			productType = "com.apple.product-type.tool";
		};
/* End PBXNativeTarget section */

/* Begin PBXProject section */
		6FE490701B68AB9600B6E52C /* Project object */ = {
			isa = PBXProject;
			attributes = {
				LastUpgradeCheck = 0640;
				ORGANIZATIONNAME = kvdb;
				TargetAttributes = {
					6FE490771B68AB9600B6E52C = {
						CreatedOnToolsVersion = 6.4;
					};
				};
			};
			buildConfigurationList = 6FE490731B68AB9600B6E52C /* Build configuration list for PBXProject "KVDBServer" */;
			compatibilityVersion = "Xcode 3.2";
			developmentRegion = English;
			hasScannedForEncodings = 0;
			knownRegions = (
				en,
			);
			mainGroup = 6FE4906F1B68AB9600B6E52C;
			productRefGroup = 6FE490791B68AB9600B6E52C /* Products */;
			projectDirPath = "";
			projectRoot = "";
			targets = (
				6FE490771B68AB9600B6E52C /* KVDBServer */,
			);
		};
/* End PBXProject section */

/* Begin PBXSourcesBuildPhase section */
		6FE490741B68AB9600B6E52C /* Sources */ = {
			isa = PBXSourcesBuildPhase;
			buildActionMask = 2147483647;
			files = (
				6FE490C61B69170500B6E52C /* SuperBlock.cpp in Sources */,
				6FE490C31B69146B00B6E52C /* DiskManager.cpp in Sources */,
				6FE490A51B68ABF600B6E52C /* RequestHandler.cpp in Sources */,
				6FE4909D1B68ABF600B6E52C /* Data.cpp in Sources */,
				6FE490CC1B6BD89100B6E52C /* Disk.cpp in Sources */,
				6FE490A11B68ABF600B6E52C /* KeyValueData.cpp in Sources */,
				6FE4909E1B68ABF600B6E52C /* DirectoryData.cpp in Sources */,
				6FE490A31B68ABF600B6E52C /* Log.cpp in Sources */,
				6FE4909F1B68ABF600B6E52C /* IOManager.cpp in Sources */,
				6FE4907C1B68AB9600B6E52C /* main.cpp in Sources */,
				6FE490A21B68ABF600B6E52C /* KVDBServer.cpp in Sources */,
				6FE490A01B68ABF600B6E52C /* KeyValueChainingData.cpp in Sources */,
				6FE490A61B68ABF600B6E52C /* ResponseHandler.cpp in Sources */,
				6FE490A41B68ABF600B6E52C /* Network.cpp in Sources */,
				6FE490A71B68ABF600B6E52C /* WorkerThread.cpp in Sources */,
				6FE4909C1B68ABF600B6E52C /* Block.cpp in Sources */,
			);
			runOnlyForDeploymentPostprocessing = 0;
		};
/* End PBXSourcesBuildPhase section */

/* Begin XCBuildConfiguration section */
		6FE4907D1B68AB9600B6E52C /* Debug */ = {
			isa = XCBuildConfiguration;
			buildSettings = {
				ALWAYS_SEARCH_USER_PATHS = NO;
				CLANG_CXX_LANGUAGE_STANDARD = "gnu++0x";
				CLANG_CXX_LIBRARY = "libc++";
				CLANG_ENABLE_MODULES = YES;
				CLANG_ENABLE_OBJC_ARC = YES;
				CLANG_WARN_BOOL_CONVERSION = YES;
				CLANG_WARN_CONSTANT_CONVERSION = YES;
				CLANG_WARN_DIRECT_OBJC_ISA_USAGE = YES_ERROR;
				CLANG_WARN_EMPTY_BODY = YES;
				CLANG_WARN_ENUM_CONVERSION = YES;
				CLANG_WARN_INT_CONVERSION = YES;
				CLANG_WARN_OBJC_ROOT_CLASS = YES_ERROR;
				CLANG_WARN_UNREACHABLE_CODE = YES;
				CLANG_WARN__DUPLICATE_METHOD_MATCH = YES;
				COPY_PHASE_STRIP = NO;
				DEBUG_INFORMATION_FORMAT = dwarf;
				ENABLE_STRICT_OBJC_MSGSEND = YES;
				GCC_C_LANGUAGE_STANDARD = gnu99;
				GCC_DYNAMIC_NO_PIC = NO;
				GCC_NO_COMMON_BLOCKS = YES;
				GCC_OPTIMIZATION_LEVEL = 0;
				GCC_PREPROCESSOR_DEFINITIONS = (
					"DEBUG=1",
					"$(inherited)",
				);
				GCC_SYMBOLS_PRIVATE_EXTERN = NO;
				GCC_WARN_64_TO_32_BIT_CONVERSION = YES;
				GCC_WARN_ABOUT_RETURN_TYPE = YES_ERROR;
				GCC_WARN_UNDECLARED_SELECTOR = YES;
				GCC_WARN_UNINITIALIZED_AUTOS = YES_AGGRESSIVE;
				GCC_WARN_UNUSED_FUNCTION = YES;
				GCC_WARN_UNUSED_VARIABLE = YES;
				MACOSX_DEPLOYMENT_TARGET = 10.10;
				MTL_ENABLE_DEBUG_INFO = YES;
				ONLY_ACTIVE_ARCH = YES;
				SDKROOT = macosx;
			};
			name = Debug;
		};
		6FE4907E1B68AB9600B6E52C /* Release */ = {
			isa = XCBuildConfiguration;
			buildSettings = {
				ALWAYS_SEARCH_USER_PATHS = NO;
				CLANG_CXX_LANGUAGE_STANDARD = "gnu++0x";
				CLANG_CXX_LIBRARY = "libc++";
				CLANG_ENABLE_MODULES = YES;
				CLANG_ENABLE_OBJC_ARC = YES;
				CLANG_WARN_BOOL_CONVERSION = YES;
				CLANG_WARN_CONSTANT_CONVERSION = YES;
				CLANG_WARN_DIRECT_OBJC_ISA_USAGE = YES_ERROR;
				CLANG_WARN_EMPTY_BODY = YES;
				CLANG_WARN_ENUM_CONVERSION = YES;
				CLANG_WARN_INT_CONVERSION = YES;
				CLANG_WARN_OBJC_ROOT_CLASS = YES_ERROR;
				CLANG_WARN_UNREACHABLE_CODE = YES;
				CLANG_WARN__DUPLICATE_METHOD_MATCH = YES;
				COPY_PHASE_STRIP = NO;
				DEBUG_INFORMATION_FORMAT = "dwarf-with-dsym";
				ENABLE_NS_ASSERTIONS = NO;
				ENABLE_STRICT_OBJC_MSGSEND = YES;
				GCC_C_LANGUAGE_STANDARD = gnu99;
				GCC_NO_COMMON_BLOCKS = YES;
				GCC_WARN_64_TO_32_BIT_CONVERSION = YES;
				GCC_WARN_ABOUT_RETURN_TYPE = YES_ERROR;
				GCC_WARN_UNDECLARED_SELECTOR = YES;
				GCC_WARN_UNINITIALIZED_AUTOS = YES_AGGRESSIVE;
				GCC_WARN_UNUSED_FUNCTION = YES;
				GCC_WARN_UNUSED_VARIABLE = YES;
				MACOSX_DEPLOYMENT_TARGET = 10.10;
				MTL_ENABLE_DEBUG_INFO = NO;
				SDKROOT = macosx;
			};
			name = Release;
		};
		6FE490801B68AB9600B6E52C /* Debug */ = {
			isa = XCBuildConfiguration;
			buildSettings = {
				PRODUCT_NAME = "$(TARGET_NAME)";
			};
			name = Debug;
		};
		6FE490811B68AB9600B6E52C /* Release */ = {
			isa = XCBuildConfiguration;
			buildSettings = {
				PRODUCT_NAME = "$(TARGET_NAME)";
			};
			name = Release;
		};
/* End XCBuildConfiguration section */

/* Begin XCConfigurationList section */
		6FE490731B68AB9600B6E52C /* Build configuration list for PBXProject "KVDBServer" */ = {
			isa = XCConfigurationList;
			buildConfigurations = (
				6FE4907D1B68AB9600B6E52C /* Debug */,
				6FE4907E1B68AB9600B6E52C /* Release */,
			);
			defaultConfigurationIsVisible = 0;
			defaultConfigurationName = Release;
		};
		6FE4907F1B68AB9600B6E52C /* Build configuration list for PBXNativeTarget "KVDBServer" */ = {
			isa = XCConfigurationList;
			buildConfigurations = (
				6FE490801B68AB9600B6E52C /* Debug */,
				6FE490811B68AB9600B6E52C /* Release */,
			);
			defaultConfigurationIsVisible = 0;
			defaultConfigurationName = Release;
		};
/* End XCConfigurationList section */
	};
	rootObject = 6FE490701B68AB9600B6E52C /* Project object */;
}
